
Microsoft Visual Studio Solution File, Format Version 12.00
# Visual Studio 15
VisualStudioVersion = 15.0.28307.271
MinimumVisualStudioVersion = 10.0.40219.1
Project("{8BC9CEB8-8B4A-11D0-8D11-00A0C91BC942}") = "ChangeCursor", "ChangeCursor\ChangeCursor.vcxproj", "{C695931F-92D0-4B5E-A82E-3503F45E1FC7}"
EndProject
Global
	GlobalSection(SolutionConfigurationPlatforms) = preSolution
		Debug|x64 = Debug|x64
		Debug|x86 = Debug|x86
		Release|x64 = Release|x64
		Release|x86 = Release|x86
	EndGlobalSection
	GlobalSection(ProjectConfigurationPlatforms) = postSolution
		{C695931F-92D0-4B5E-A82E-3503F45E1FC7}.Debug|x64.ActiveCfg = Debug|x64
		{C695931F-92D0-4B5E-A82E-3503F45E1FC7}.Debug|x64.Build.0 = Debug|x64
		{C695931F-92D0-4B5E-A82E-3503F45E1FC7}.Debug|x86.ActiveCfg = Debug|Win32
		{C695931F-92D0-4B5E-A82E-3503F45E1FC7}.Debug|x86.Build.0 = Debug|Win32
		{C695931F-92D0-4B5E-A82E-3503F45E1FC7}.Release|x64.ActiveCfg = Release|x64
		{C695931F-92D0-4B5E-A82E-3503F45E1FC7}.Release|x64.Build.0 = Release|x64
		{C695931F-92D0-4B5E-A82E-3503F45E1FC7}.Release|x86.ActiveCfg = Release|Win32
		{C695931F-92D0-4B5E-A82E-3503F45E1FC7}.Release|x86.Build.0 = Release|Win32
	EndGlobalSection
	GlobalSection(SolutionProperties) = preSolution
		HideSolutionNode = FALSE
	EndGlobalSection
	GlobalSection(ExtensibilityGlobals) = postSolution
		SolutionGuid = {3CE95049-DCAB-41A7-A844-E5C20C4C5BDB}
	EndGlobalSection
EndGlobal
