
Microsoft Visual Studio Solution File, Format Version 12.00
# Visual Studio 15
VisualStudioVersion = 15.0.28307.271
MinimumVisualStudioVersion = 10.0.40219.1
Project("{8BC9CEB8-8B4A-11D0-8D11-00A0C91BC942}") = "Doc_View_Struct", "Doc_View_Struct\Doc_View_Struct.vcxproj", "{450B776F-EF4A-47C6-9BE3-49F3D3B46277}"
EndProject
Global
	GlobalSection(SolutionConfigurationPlatforms) = preSolution
		Debug|x64 = Debug|x64
		Debug|x86 = Debug|x86
		Release|x64 = Release|x64
		Release|x86 = Release|x86
	EndGlobalSection
	GlobalSection(ProjectConfigurationPlatforms) = postSolution
		{450B776F-EF4A-47C6-9BE3-49F3D3B46277}.Debug|x64.ActiveCfg = Debug|x64
		{450B776F-EF4A-47C6-9BE3-49F3D3B46277}.Debug|x64.Build.0 = Debug|x64
		{450B776F-EF4A-47C6-9BE3-49F3D3B46277}.Debug|x86.ActiveCfg = Debug|Win32
		{450B776F-EF4A-47C6-9BE3-49F3D3B46277}.Debug|x86.Build.0 = Debug|Win32
		{450B776F-EF4A-47C6-9BE3-49F3D3B46277}.Release|x64.ActiveCfg = Release|x64
		{450B776F-EF4A-47C6-9BE3-49F3D3B46277}.Release|x64.Build.0 = Release|x64
		{450B776F-EF4A-47C6-9BE3-49F3D3B46277}.Release|x86.ActiveCfg = Release|Win32
		{450B776F-EF4A-47C6-9BE3-49F3D3B46277}.Release|x86.Build.0 = Release|Win32
	EndGlobalSection
	GlobalSection(SolutionProperties) = preSolution
		HideSolutionNode = FALSE
	EndGlobalSection
	GlobalSection(ExtensibilityGlobals) = postSolution
		SolutionGuid = {44F97019-87D3-4990-9360-0A366367C796}
	EndGlobalSection
EndGlobal
